
Microsoft Visual Studio Solution File, Format Version 12.00
# Visual Studio Version 17
VisualStudioVersion = 17.3.32804.467
MinimumVisualStudioVersion = 10.0.40219.1
Project("{FAE04EC0-301F-11D3-BF4B-00C04F79EFBC}") = "JenkinsCalci", "JenkinsCalci\JenkinsCalci.csproj", "{3521A2BF-0DCC-4346-82F6-F0EB863CB7CD}"
EndProject
Global
	GlobalSection(SolutionConfigurationPlatforms) = preSolution
		Debug|Any CPU = Debug|Any CPU
		Release|Any CPU = Release|Any CPU
	EndGlobalSection
	GlobalSection(ProjectConfigurationPlatforms) = postSolution
		{3521A2BF-0DCC-4346-82F6-F0EB863CB7CD}.Debug|Any CPU.ActiveCfg = Debug|Any CPU
		{3521A2BF-0DCC-4346-82F6-F0EB863CB7CD}.Debug|Any CPU.Build.0 = Debug|Any CPU
		{3521A2BF-0DCC-4346-82F6-F0EB863CB7CD}.Release|Any CPU.ActiveCfg = Release|Any CPU
		{3521A2BF-0DCC-4346-82F6-F0EB863CB7CD}.Release|Any CPU.Build.0 = Release|Any CPU
	EndGlobalSection
	GlobalSection(SolutionProperties) = preSolution
		HideSolutionNode = FALSE
	EndGlobalSection
	GlobalSection(ExtensibilityGlobals) = postSolution
		SolutionGuid = {C2C46CC6-D0D5-48B4-B5F8-FDF7FE2A1633}
	EndGlobalSection
EndGlobal
